
Microsoft Visual Studio Solution File, Format Version 12.00
# Visual Studio Version 16
VisualStudioVersion = 16.0.29519.181
MinimumVisualStudioVersion = 10.0.40219.1
Project("{FAE04EC0-301F-11D3-BF4B-00C04F79EFBC}") = "a_grund_farbfuellung", "a_grund_farbfuellung\a_grund_farbfuellung.csproj", "{880BDF2F-8120-4E78-98FD-D4119597DDBF}"
EndProject
Global
	GlobalSection(SolutionConfigurationPlatforms) = preSolution
		Debug|Any CPU = Debug|Any CPU
		Release|Any CPU = Release|Any CPU
	EndGlobalSection
	GlobalSection(ProjectConfigurationPlatforms) = postSolution
		{880BDF2F-8120-4E78-98FD-D4119597DDBF}.Debug|Any CPU.ActiveCfg = Debug|Any CPU
		{880BDF2F-8120-4E78-98FD-D4119597DDBF}.Debug|Any CPU.Build.0 = Debug|Any CPU
		{880BDF2F-8120-4E78-98FD-D4119597DDBF}.Release|Any CPU.ActiveCfg = Release|Any CPU
		{880BDF2F-8120-4E78-98FD-D4119597DDBF}.Release|Any CPU.Build.0 = Release|Any CPU
	EndGlobalSection
	GlobalSection(SolutionProperties) = preSolution
		HideSolutionNode = FALSE
	EndGlobalSection
	GlobalSection(ExtensibilityGlobals) = postSolution
		SolutionGuid = {4FEF555F-1B66-47C8-AA24-6F6D9FDAC896}
	EndGlobalSection
EndGlobal
